
Microsoft Visual Studio Solution File, Format Version 12.00
# Visual Studio Version 16
VisualStudioVersion = 16.0.32002.261
MinimumVisualStudioVersion = 10.0.40219.1
Project("{FAE04EC0-301F-11D3-BF4B-00C04F79EFBC}") = "c-sharp-odev-method-overloading", "c-sharp-odev-method-overloading.csproj", "{20308DB2-5078-4C9D-8B26-81E0D8EC0DED}"
EndProject
Global
	GlobalSection(SolutionConfigurationPlatforms) = preSolution
		Debug|Any CPU = Debug|Any CPU
		Release|Any CPU = Release|Any CPU
	EndGlobalSection
	GlobalSection(ProjectConfigurationPlatforms) = postSolution
		{20308DB2-5078-4C9D-8B26-81E0D8EC0DED}.Debug|Any CPU.ActiveCfg = Debug|Any CPU
		{20308DB2-5078-4C9D-8B26-81E0D8EC0DED}.Debug|Any CPU.Build.0 = Debug|Any CPU
		{20308DB2-5078-4C9D-8B26-81E0D8EC0DED}.Release|Any CPU.ActiveCfg = Release|Any CPU
		{20308DB2-5078-4C9D-8B26-81E0D8EC0DED}.Release|Any CPU.Build.0 = Release|Any CPU
	EndGlobalSection
	GlobalSection(SolutionProperties) = preSolution
		HideSolutionNode = FALSE
	EndGlobalSection
	GlobalSection(ExtensibilityGlobals) = postSolution
		SolutionGuid = {DCD2FBFA-EE28-43AC-9B22-7B1E00B965E2}
	EndGlobalSection
EndGlobal
